{
    "requires": true,
    "lockfileVersion": 1,
    "dependencies": {
        "eventemitter3": {
            "version": "3.0.1",
            "resolved": "http://registry.npm.taobao.org/eventemitter3/download/eventemitter3-3.0.1.tgz",
            "integrity": "sha1-TOZsP8W1prnyJF41nhk48asQ+WA="
        },
        "phaser": {
            "version": "3.3.0",
            "resolved": "http://registry.npm.taobao.org/phaser/download/phaser-3.3.0.tgz",
            "integrity": "sha1-m5Ey+5c/KAzOOMhC2xc1acbAWvE=",
            "requires": {
                "eventemitter3": "3.0.1"
            }
        }
    }
}
